lockfile_version: '1'
generated_at: '2026-08-01T05:49:14.893129+00:00'
dependencies: []
deployments:
- kind: project-relative
  target: agents
  value: .agents/skills/apm
  runtime: null
  scope: project
  owners:
  - .
  active_owner: .
  content_hash: null
- kind: project-relative
  target: agents
  value: .agents/skills/apm/SKILL.md
  runtime: null
  scope: project
  owners:
  - .
  active_owner: .
  content_hash: sha256:e3dbe06a8c0e3f7943503288f1cfe829cf31099e8dabde3322683cfb5eab8c86
- kind: project-relative
  target: claude
  value: .claude/rules/overview.md
  runtime: null
  scope: project
  owners:
  - .
  active_owner: .
  content_hash: sha256:392d9e9e18f4b14b6e010b4836c2122176a7a3c9bf41b2818cb0dec6745acfd8
- kind: project-relative
  target: claude
  value: .claude/skills/apm
  runtime: null
  scope: project
  owners:
  - .
  active_owner: .
  content_hash: null
- kind: project-relative
  target: claude
  value: .claude/skills/apm/SKILL.md
  runtime: null
  scope: project
  owners:
  - .
  active_owner: .
  content_hash: sha256:e3dbe06a8c0e3f7943503288f1cfe829cf31099e8dabde3322683cfb5eab8c86
lsp_servers:
- tsgo
lsp_configs:
  tsgo:
    name: tsgo
    command: node_modules/.bin/tsc
    args:
    - --lsp
    - --stdio
    extensionToLanguage:
      .ts: typescript
      .tsx: typescriptreact
      .mts: typescript
      .cts: typescript
      .js: javascript
      .jsx: javascriptreact
local_deployed_files:
- .agents/skills/apm
- .agents/skills/apm/SKILL.md
- .claude/rules/overview.md
- .claude/skills/apm
- .claude/skills/apm/SKILL.md
local_deployed_file_hashes:
  .agents/skills/apm/SKILL.md: sha256:e3dbe06a8c0e3f7943503288f1cfe829cf31099e8dabde3322683cfb5eab8c86
  .claude/rules/overview.md: sha256:392d9e9e18f4b14b6e010b4836c2122176a7a3c9bf41b2818cb0dec6745acfd8
  .claude/skills/apm/SKILL.md: sha256:e3dbe06a8c0e3f7943503288f1cfe829cf31099e8dabde3322683cfb5eab8c86
