lockfile_version: '1'
generated_at: '2026-08-01T05:49:14.893129+00:00'
dependencies: []
deployments:
- kind: project-relative
  target: agents
  value: .agents/skills/apm
  runtime: null
  scope: project
  owners:
  - .
  active_owner: .
  content_hash: null
- kind: project-relative
  target: agents
  value: .agents/skills/apm/SKILL.md
  runtime: null
  scope: project
  owners:
  - .
  active_owner: .
  content_hash: sha256:e3dbe06a8c0e3f7943503288f1cfe829cf31099e8dabde3322683cfb5eab8c86
- kind: project-relative
  target: claude
  value: .claude/rules/cli-runtime.md
  runtime: null
  scope: project
  owners:
  - .
  active_owner: .
  content_hash: sha256:effb3f32acf12fa63d3c03d5bea5e4f95ae6680ea2a40acad90890c254833300
- kind: project-relative
  target: claude
  value: .claude/rules/e2e-fixture.md
  runtime: null
  scope: project
  owners:
  - .
  active_owner: .
  content_hash: sha256:d202e9400e85760f5c9c7ffdd149b2dcb7d60291ab2a049c9e7000067c284761
- kind: project-relative
  target: claude
  value: .claude/rules/e2e.md
  runtime: null
  scope: project
  owners:
  - .
  active_owner: .
  content_hash: sha256:c7aef95edf2b13c65792118e8a8f3ee684421966d9afc40efbf749b654b9f4b4
- kind: project-relative
  target: claude
  value: .claude/rules/overview.md
  runtime: null
  scope: project
  owners:
  - .
  active_owner: .
  content_hash: sha256:e6cb86cad0ef7e3ecf6ddbb49be2e4e9e1606643fba3fbd5323ffadae3a34600
- kind: project-relative
  target: claude
  value: .claude/rules/workspace.md
  runtime: null
  scope: project
  owners:
  - .
  active_owner: .
  content_hash: sha256:53fdb5c594e1cd102ea48503ac0ada92e216c69d51e5a83fc305f93357f4188e
- kind: project-relative
  target: claude
  value: .claude/skills/apm
  runtime: null
  scope: project
  owners:
  - .
  active_owner: .
  content_hash: null
- kind: project-relative
  target: claude
  value: .claude/skills/apm/SKILL.md
  runtime: null
  scope: project
  owners:
  - .
  active_owner: .
  content_hash: sha256:e3dbe06a8c0e3f7943503288f1cfe829cf31099e8dabde3322683cfb5eab8c86
lsp_servers:
- tsgo
lsp_configs:
  tsgo:
    name: tsgo
    command: node_modules/.bin/tsc
    args:
    - --lsp
    - --stdio
    extensionToLanguage:
      .ts: typescript
      .tsx: typescriptreact
      .mts: typescript
      .cts: typescript
      .js: javascript
      .jsx: javascriptreact
local_deployed_files:
- .agents/skills/apm
- .agents/skills/apm/SKILL.md
- .claude/rules/cli-runtime.md
- .claude/rules/e2e-fixture.md
- .claude/rules/e2e.md
- .claude/rules/overview.md
- .claude/rules/workspace.md
- .claude/skills/apm
- .claude/skills/apm/SKILL.md
local_deployed_file_hashes:
  .agents/skills/apm/SKILL.md: sha256:e3dbe06a8c0e3f7943503288f1cfe829cf31099e8dabde3322683cfb5eab8c86
  .claude/rules/cli-runtime.md: sha256:effb3f32acf12fa63d3c03d5bea5e4f95ae6680ea2a40acad90890c254833300
  .claude/rules/e2e-fixture.md: sha256:d202e9400e85760f5c9c7ffdd149b2dcb7d60291ab2a049c9e7000067c284761
  .claude/rules/e2e.md: sha256:c7aef95edf2b13c65792118e8a8f3ee684421966d9afc40efbf749b654b9f4b4
  .claude/rules/overview.md: sha256:e6cb86cad0ef7e3ecf6ddbb49be2e4e9e1606643fba3fbd5323ffadae3a34600
  .claude/rules/workspace.md: sha256:53fdb5c594e1cd102ea48503ac0ada92e216c69d51e5a83fc305f93357f4188e
  .claude/skills/apm/SKILL.md: sha256:e3dbe06a8c0e3f7943503288f1cfe829cf31099e8dabde3322683cfb5eab8c86
